Microsoft Visual Studio Solution File, Format Version 10.00
# Visual Studio 2008
Project("{8BC9CEB8-8B4A-11D0-8D11-00A0C91BC942}") = "MultiDispComp", "MultiDispComp_vc9.vcproj", "{E04B62C5-D713-48A2-945B-B4F23B4891C1}"
	ProjectSection(ProjectDependencies) = postProject
	EndProjectSection
EndProject
Project("{8BC9CEB8-8B4A-11D0-8D11-00A0C91BC942}") = "MultiDisp", "MultiDisp_vc9.vcproj", "{B42856EE-105D-43C5-8E95-7F42509DE4D7}"
	ProjectSection(ProjectDependencies) = postProject
	EndProjectSection
EndProject
Global
	GlobalSection(SolutionConfigurationPlatforms) = preSolution
		Release|Win32 = Release|Win32
		Debug|Win32 = Debug|Win32
	EndGlobalSection
	GlobalSection(ProjectConfigurationPlatforms) = postSolution
		{E04B62C5-D713-48A2-945B-B4F23B4891C1}.Release|Win32.ActiveCfg = Release|Win32
		{E04B62C5-D713-48A2-945B-B4F23B4891C1}.Release|Win32.Build.0   = Release|Win32
		{E04B62C5-D713-48A2-945B-B4F23B4891C1}.Debug|Win32.ActiveCfg = Debug|Win32
		{E04B62C5-D713-48A2-945B-B4F23B4891C1}.Debug|Win32.Build.0   = Debug|Win32
		{B42856EE-105D-43C5-8E95-7F42509DE4D7}.Release|Win32.ActiveCfg = Release|Win32
		{B42856EE-105D-43C5-8E95-7F42509DE4D7}.Release|Win32.Build.0   = Release|Win32
		{B42856EE-105D-43C5-8E95-7F42509DE4D7}.Debug|Win32.ActiveCfg = Debug|Win32
		{B42856EE-105D-43C5-8E95-7F42509DE4D7}.Debug|Win32.Build.0   = Debug|Win32
	EndGlobalSection
	GlobalSection(SolutionProperties) = preSolution
		HideSolutionNode = FALSE
	EndGlobalSection
EndGlobal
