Microsoft Visual Studio Solution File, Format Version 9.00
# Visual Studio 2005
Project("{75301F88-0277-4B86-9D85-6E87AB580EC3}") = "MultiCameraTriggerComp", "MultiCameraTriggerComp_vc8.vcproj", "{A085581D-3919-40A0-AC33-66D156570C12}"
	ProjectSection(ProjectDependencies) = postProject
	EndProjectSection
EndProject
Project("{75301F88-0277-4B86-9D85-6E87AB580EC3}") = "MultiCameraTrigger", "MultiCameraTrigger_vc8.vcproj", "{34640286-AAEC-4016-B48E-B36572EC6F0E}"
	ProjectSection(ProjectDependencies) = postProject
	EndProjectSection
EndProject
Global
	GlobalSection(SolutionConfigurationPlatforms) = preSolution
		Release|Win32 = Release|Win32
		Debug|Win32 = Debug|Win32
	EndGlobalSection
	GlobalSection(ProjectConfigurationPlatforms) = postSolution
		{A085581D-3919-40A0-AC33-66D156570C12}.Release|Win32.ActiveCfg = Release|Win32
		{A085581D-3919-40A0-AC33-66D156570C12}.Release|Win32.Build.0   = Release|Win32
		{A085581D-3919-40A0-AC33-66D156570C12}.Debug|Win32.ActiveCfg = Debug|Win32
		{A085581D-3919-40A0-AC33-66D156570C12}.Debug|Win32.Build.0   = Debug|Win32
		{34640286-AAEC-4016-B48E-B36572EC6F0E}.Release|Win32.ActiveCfg = Release|Win32
		{34640286-AAEC-4016-B48E-B36572EC6F0E}.Release|Win32.Build.0   = Release|Win32
		{34640286-AAEC-4016-B48E-B36572EC6F0E}.Debug|Win32.ActiveCfg = Debug|Win32
		{34640286-AAEC-4016-B48E-B36572EC6F0E}.Debug|Win32.Build.0   = Debug|Win32
	EndGlobalSection
	GlobalSection(SolutionProperties) = preSolution
		HideSolutionNode = FALSE
	EndGlobalSection
EndGlobal
